
# electric_clock (安知鱼电子钟)
# see https://anzhiy.cn/posts/fc18.html
electric_clock:
  enable: true # 开关
  priority: 5 #过滤器优先权
  enable_page: / # 应用页面
  exclude:
  # - /posts/
  # - /about/
  layout: # 挂载容器类型
    type: class
    name: sticky_layout
    index: 0
  loading: https://cdn.jsdelivr.net/gh/ZhuangRenyang/FomalhautJSSQL@1.0.7/electricclock/lib/loading.gif # https://cdn.cbd.int/hexo-butterfly-clock-anzhiyu/lib/loading.gif #加载动画自定义
  clock_css: https://cdn.jsdelivr.net/gh/ZhuangRenyang/FomalhautJSSQL@1.0.7/electricclock/lib/clock.min.css # https://cdn.cbd.int/hexo-butterfly-clock-anzhiyu/lib/clock.min.css
  clock_js: https://cdn.jsdelivr.net/gh/ZhuangRenyang/FomalhautJSSQL@1.0.7/electricclock/lib/clock.min.js # https://cdn.cbd.int/hexo-butterfly-clock-anzhiyu/lib/clock.min.js
  ip_api: https://widget.qweather.net/simple/static/js/he-simple-common.js?v=2.0
  qweather_key:  # 和风天气key
  gaud_map_key:  # 高得地图web服务key
  default_rectangle: false # 开启后将一直显示rectangle位置的天气，否则将获取访问者的地理位置与天气
  rectangle: 113.34532,23.15624 # 获取访问者位置失败时会显示该位置的天气，同时该位置为开启default_rectangle后的位置
